
Microsoft Visual Studio Solution File, Format Version 12.00
# Visual Studio 15
VisualStudioVersion = 15.0.28307.779
MinimumVisualStudioVersion = 10.0.40219.1
Project("{FAE04EC0-301F-11D3-BF4B-00C04F79EFBC}") = "ChatServer", "ChatServer\ChatServer.csproj", "{0A7F3CA2-A292-4A4C-84D5-352AAD6D7D05}"
EndProject
Project("{FAE04EC0-301F-11D3-BF4B-00C04F79EFBC}") = "ChatClient", "ChatClient\ChatClient.csproj", "{910EE6C9-4325-4461-BA88-C06D2B709E69}"
EndProject
Global
	GlobalSection(SolutionConfigurationPlatforms) = preSolution
		Debug|Any CPU = Debug|Any CPU
		Release|Any CPU = Release|Any CPU
	EndGlobalSection
	GlobalSection(ProjectConfigurationPlatforms) = postSolution
		{0A7F3CA2-A292-4A4C-84D5-352AAD6D7D05}.Debug|Any CPU.ActiveCfg = Debug|Any CPU
		{0A7F3CA2-A292-4A4C-84D5-352AAD6D7D05}.Debug|Any CPU.Build.0 = Debug|Any CPU
		{0A7F3CA2-A292-4A4C-84D5-352AAD6D7D05}.Release|Any CPU.ActiveCfg = Release|Any CPU
		{0A7F3CA2-A292-4A4C-84D5-352AAD6D7D05}.Release|Any CPU.Build.0 = Release|Any CPU
		{910EE6C9-4325-4461-BA88-C06D2B709E69}.Debug|Any CPU.ActiveCfg = Debug|Any CPU
		{910EE6C9-4325-4461-BA88-C06D2B709E69}.Debug|Any CPU.Build.0 = Debug|Any CPU
		{910EE6C9-4325-4461-BA88-C06D2B709E69}.Release|Any CPU.ActiveCfg = Release|Any CPU
		{910EE6C9-4325-4461-BA88-C06D2B709E69}.Release|Any CPU.Build.0 = Release|Any CPU
	EndGlobalSection
	GlobalSection(SolutionProperties) = preSolution
		HideSolutionNode = FALSE
	EndGlobalSection
	GlobalSection(ExtensibilityGlobals) = postSolution
		SolutionGuid = {D915BF95-332E-4880-ACA0-8546FFF9E401}
	EndGlobalSection
EndGlobal
