
Microsoft Visual Studio Solution File, Format Version 12.00
# Visual Studio 15
VisualStudioVersion = 15.0.28307.779
MinimumVisualStudioVersion = 10.0.40219.1
Project("{FAE04EC0-301F-11D3-BF4B-00C04F79EFBC}") = "ConsoleApp1WebCLient", "ConsoleApp1WebCLient\ConsoleApp1WebCLient.csproj", "{0B172559-FE5E-4892-8B2B-BEB12962CDFE}"
EndProject
Global
	GlobalSection(SolutionConfigurationPlatforms) = preSolution
		Debug|Any CPU = Debug|Any CPU
		Release|Any CPU = Release|Any CPU
	EndGlobalSection
	GlobalSection(ProjectConfigurationPlatforms) = postSolution
		{0B172559-FE5E-4892-8B2B-BEB12962CDFE}.Debug|Any CPU.ActiveCfg = Debug|Any CPU
		{0B172559-FE5E-4892-8B2B-BEB12962CDFE}.Debug|Any CPU.Build.0 = Debug|Any CPU
		{0B172559-FE5E-4892-8B2B-BEB12962CDFE}.Release|Any CPU.ActiveCfg = Release|Any CPU
		{0B172559-FE5E-4892-8B2B-BEB12962CDFE}.Release|Any CPU.Build.0 = Release|Any CPU
	EndGlobalSection
	GlobalSection(SolutionProperties) = preSolution
		HideSolutionNode = FALSE
	EndGlobalSection
	GlobalSection(ExtensibilityGlobals) = postSolution
		SolutionGuid = {957A1B0B-BE05-4ABC-AE7F-D5ABB2A88912}
	EndGlobalSection
EndGlobal
